{"packages":{"args":{"version":"0.0.0-r.13679","source":"sdk","description":"args"},"sprintf":{"version":"1.0.0-alpha1","source":"git","description":{"url":"git://github.com/Naddiseo/dart-sprintf.git","ref":null,"resolved-ref":"b6596844eedf7b01776c8213a8407c9020d831c5"}},"unittest":{"version":"0.0.0-r.13679","source":"sdk","description":"unittest"}}}